// !$*UTF8*$!
{
	archiveVersion = 1;
	classes = {
	};
	objectVersion = 56;
	objects = {

/* Begin PBXBuildFile section */
		3A742258298E84E500025D9B /* NoteViewController.swift in Sources */ = {isa = PBXBuildFile; fileRef = 3A742256298E84E500025D9B /* NoteViewController.swift */; };
		3A742259298E84E500025D9B /* NoteViewController.xib in Resources */ = {isa = PBXBuildFile; fileRef = 3A742257298E84E500025D9B /* NoteViewController.xib */; };
		3A74225D298E91CA00025D9B /* NotesTableViewCell.swift in Sources */ = {isa = PBXBuildFile; fileRef = 3A74225B298E91CA00025D9B /* NotesTableViewCell.swift */; };
		3A74225E298E91CA00025D9B /* NotesTableViewCell.xib in Resources */ = {isa = PBXBuildFile; fileRef = 3A74225C298E91CA00025D9B /* NotesTableViewCell.xib */; };
		3A742260298E97F900025D9B /* NotesModel.swift in Sources */ = {isa = PBXBuildFile; fileRef = 3A74225F298E97F900025D9B /* NotesModel.swift */; };
		3A742262298E9C4300025D9B /* NotesManager.swift in Sources */ = {isa = PBXBuildFile; fileRef = 3A742261298E9C4300025D9B /* NotesManager.swift */; };
		3A742285298ECCD800025D9B /* Realm in Frameworks */ = {isa = PBXBuildFile; productRef = 3A742284298ECCD800025D9B /* Realm */; };
		3A742287298ECCD800025D9B /* RealmSwift in Frameworks */ = {isa = PBXBuildFile; productRef = 3A742286298ECCD800025D9B /* RealmSwift */; };
		3A74228B298ED39200025D9B /* Support.swift in Sources */ = {isa = PBXBuildFile; fileRef = 3A74228A298ED39200025D9B /* Support.swift */; };
		3ABD950E2987CB9B0058DB5A /* AppDelegate.swift in Sources */ = {isa = PBXBuildFile; fileRef = 3ABD950D2987CB9B0058DB5A /* AppDelegate.swift */; };
		3ABD951A2987CB9C0058DB5A /* Assets.xcassets in Resources */ = {isa = PBXBuildFile; fileRef = 3ABD95192987CB9C0058DB5A /* Assets.xcassets */; };
		3ABD951D2987CB9C0058DB5A /* LaunchScreen.storyboard in Resources */ = {isa = PBXBuildFile; fileRef = 3ABD951B2987CB9C0058DB5A /* LaunchScreen.storyboard */; };
		3ABD95262987CC540058DB5A /* StartViewController.swift in Sources */ = {isa = PBXBuildFile; fileRef = 3ABD95242987CC540058DB5A /* StartViewController.swift */; };
		3ABD95272987CC540058DB5A /* StartViewController.xib in Resources */ = {isa = PBXBuildFile; fileRef = 3ABD95252987CC540058DB5A /* StartViewController.xib */; };
		3ABD95302987D3D30058DB5A /* MainViewController.swift in Sources */ = {isa = PBXBuildFile; fileRef = 3ABD952E2987D3D30058DB5A /* MainViewController.swift */; };
		3ABD95312987D3D30058DB5A /* MainViewController.xib in Resources */ = {isa = PBXBuildFile; fileRef = 3ABD952F2987D3D30058DB5A /* MainViewController.xib */; };
		3ABD95332987D7770058DB5A /* BaseNavigationController.swift in Sources */ = {isa = PBXBuildFile; fileRef = 3ABD95322987D7770058DB5A /* BaseNavigationController.swift */; };
/* End PBXBuildFile section */

/* Begin PBXFileReference section */
		3A742256298E84E500025D9B /* NoteViewController.swift */ = {isa = PBXFileReference; lastKnownFileType = sourcecode.swift; path = NoteViewController.swift; sourceTree = "<group>"; };
		3A742257298E84E500025D9B /* NoteViewController.xib */ = {isa = PBXFileReference; lastKnownFileType = file.xib; path = NoteViewController.xib; sourceTree = "<group>"; };
		3A74225B298E91CA00025D9B /* NotesTableViewCell.swift */ = {isa = PBXFileReference; lastKnownFileType = sourcecode.swift; path = NotesTableViewCell.swift; sourceTree = "<group>"; };
		3A74225C298E91CA00025D9B /* NotesTableViewCell.xib */ = {isa = PBXFileReference; lastKnownFileType = file.xib; path = NotesTableViewCell.xib; sourceTree = "<group>"; };
		3A74225F298E97F900025D9B /* NotesModel.swift */ = {isa = PBXFileReference; lastKnownFileType = sourcecode.swift; path = NotesModel.swift; sourceTree = "<group>"; };
		3A742261298E9C4300025D9B /* NotesManager.swift */ = {isa = PBXFileReference; lastKnownFileType = sourcecode.swift; path = NotesManager.swift; sourceTree = "<group>"; };
		3A74228A298ED39200025D9B /* Support.swift */ = {isa = PBXFileReference; lastKnownFileType = sourcecode.swift; path = Support.swift; sourceTree = "<group>"; };
		3ABD950A2987CB9B0058DB5A /* Notes.app */ = {isa = PBXFileReference; explicitFileType = wrapper.application; includeInIndex = 0; path = Notes.app; sourceTree = BUILT_PRODUCTS_DIR; };
		3ABD950D2987CB9B0058DB5A /* AppDelegate.swift */ = {isa = PBXFileReference; lastKnownFileType = sourcecode.swift; path = AppDelegate.swift; sourceTree = "<group>"; };
		3ABD95192987CB9C0058DB5A /* Assets.xcassets */ = {isa = PBXFileReference; lastKnownFileType = folder.assetcatalog; path = Assets.xcassets; sourceTree = "<group>"; };
		3ABD951C2987CB9C0058DB5A /* Base */ = {isa = PBXFileReference; lastKnownFileType = file.storyboard; name = Base; path = Base.lproj/LaunchScreen.storyboard; sourceTree = "<group>"; };
		3ABD951E2987CB9C0058DB5A /* Info.plist */ = {isa = PBXFileReference; lastKnownFileType = text.plist.xml; path = Info.plist; sourceTree = "<group>"; };
		3ABD95242987CC540058DB5A /* StartViewController.swift */ = {isa = PBXFileReference; lastKnownFileType = sourcecode.swift; path = StartViewController.swift; sourceTree = "<group>"; };
		3ABD95252987CC540058DB5A /* StartViewController.xib */ = {isa = PBXFileReference; lastKnownFileType = file.xib; path = StartViewController.xib; sourceTree = "<group>"; };
		3ABD952E2987D3D30058DB5A /* MainViewController.swift */ = {isa = PBXFileReference; lastKnownFileType = sourcecode.swift; path = MainViewController.swift; sourceTree = "<group>"; };
		3ABD952F2987D3D30058DB5A /* MainViewController.xib */ = {isa = PBXFileReference; lastKnownFileType = file.xib; path = MainViewController.xib; sourceTree = "<group>"; };
		3ABD95322987D7770058DB5A /* BaseNavigationController.swift */ = {isa = PBXFileReference; lastKnownFileType = sourcecode.swift; path = BaseNavigationController.swift; sourceTree = "<group>"; };
/* End PBXFileReference section */

/* Begin PBXFrameworksBuildPhase section */
		3ABD95072987CB9B0058DB5A /* Frameworks */ = {
			isa = PBXFrameworksBuildPhase;
			buildActionMask = 2147483647;
			files = (
				3A742287298ECCD800025D9B /* RealmSwift in Frameworks */,
				3A742285298ECCD800025D9B /* Realm in Frameworks */,
			);
			runOnlyForDeploymentPostprocessing = 0;
		};
/* End PBXFrameworksBuildPhase section */

/* Begin PBXGroup section */
		3A742251298E846D00025D9B /* NoteViewController */ = {
			isa = PBXGroup;
			children = (
				3A742256298E84E500025D9B /* NoteViewController.swift */,
				3A742257298E84E500025D9B /* NoteViewController.xib */,
			);
			path = NoteViewController;
			sourceTree = "<group>";
		};
		3A74225A298E91A900025D9B /* Cell */ = {
			isa = PBXGroup;
			children = (
				3A74225B298E91CA00025D9B /* NotesTableViewCell.swift */,
				3A74225C298E91CA00025D9B /* NotesTableViewCell.xib */,
			);
			path = Cell;
			sourceTree = "<group>";
		};
		3A742296298EF75400025D9B /* Model */ = {
			isa = PBXGroup;
			children = (
				3A74225F298E97F900025D9B /* NotesModel.swift */,
				3A742261298E9C4300025D9B /* NotesManager.swift */,
			);
			path = Model;
			sourceTree = "<group>";
		};
		3ABD95012987CB9B0058DB5A = {
			isa = PBXGroup;
			children = (
				3ABD950C2987CB9B0058DB5A /* Notes */,
				3ABD950B2987CB9B0058DB5A /* Products */,
			);
			sourceTree = "<group>";
		};
		3ABD950B2987CB9B0058DB5A /* Products */ = {
			isa = PBXGroup;
			children = (
				3ABD950A2987CB9B0058DB5A /* Notes.app */,
			);
			name = Products;
			sourceTree = "<group>";
		};
		3ABD950C2987CB9B0058DB5A /* Notes */ = {
			isa = PBXGroup;
			children = (
				3A742296298EF75400025D9B /* Model */,
				3ABD95282987D0AB0058DB5A /* StartViewController */,
				3ABD95292987D0B90058DB5A /* MainViewController */,
				3A742251298E846D00025D9B /* NoteViewController */,
				3ABD950D2987CB9B0058DB5A /* AppDelegate.swift */,
				3ABD95192987CB9C0058DB5A /* Assets.xcassets */,
				3ABD951B2987CB9C0058DB5A /* LaunchScreen.storyboard */,
				3ABD951E2987CB9C0058DB5A /* Info.plist */,
				3ABD95322987D7770058DB5A /* BaseNavigationController.swift */,
				3A74228A298ED39200025D9B /* Support.swift */,
			);
			path = Notes;
			sourceTree = "<group>";
		};
		3ABD95282987D0AB0058DB5A /* StartViewController */ = {
			isa = PBXGroup;
			children = (
				3ABD95242987CC540058DB5A /* StartViewController.swift */,
				3ABD95252987CC540058DB5A /* StartViewController.xib */,
			);
			path = StartViewController;
			sourceTree = "<group>";
		};
		3ABD95292987D0B90058DB5A /* MainViewController */ = {
			isa = PBXGroup;
			children = (
				3A74225A298E91A900025D9B /* Cell */,
				3ABD952E2987D3D30058DB5A /* MainViewController.swift */,
				3ABD952F2987D3D30058DB5A /* MainViewController.xib */,
			);
			path = MainViewController;
			sourceTree = "<group>";
		};
/* End PBXGroup section */

/* Begin PBXNativeTarget section */
		3ABD95092987CB9B0058DB5A /* Notes */ = {
			isa = PBXNativeTarget;
			buildConfigurationList = 3ABD95212987CB9C0058DB5A /* Build configuration list for PBXNativeTarget "Notes" */;
			buildPhases = (
				3ABD95062987CB9B0058DB5A /* Sources */,
				3ABD95072987CB9B0058DB5A /* Frameworks */,
				3ABD95082987CB9B0058DB5A /* Resources */,
			);
			buildRules = (
			);
			dependencies = (
			);
			name = Notes;
			packageProductDependencies = (
				3A742284298ECCD800025D9B /* Realm */,
				3A742286298ECCD800025D9B /* RealmSwift */,
			);
			productName = Notes;
			productReference = 3ABD950A2987CB9B0058DB5A /* Notes.app */;
			productType = "com.apple.product-type.application";
		};
/* End PBXNativeTarget section */

/* Begin PBXProject section */
		3ABD95022987CB9B0058DB5A /* Project object */ = {
			isa = PBXProject;
			attributes = {
				BuildIndependentTargetsInParallel = 1;
				LastSwiftUpdateCheck = 1420;
				LastUpgradeCheck = 1420;
				TargetAttributes = {
					3ABD95092987CB9B0058DB5A = {
						CreatedOnToolsVersion = 14.2;
					};
				};
			};
			buildConfigurationList = 3ABD95052987CB9B0058DB5A /* Build configuration list for PBXProject "Notes" */;
			compatibilityVersion = "Xcode 14.0";
			developmentRegion = en;
			hasScannedForEncodings = 0;
			knownRegions = (
				en,
				Base,
			);
			mainGroup = 3ABD95012987CB9B0058DB5A;
			packageReferences = (
				3A742283298ECCD800025D9B /* XCRemoteSwiftPackageReference "realm-swift" */,
			);
			productRefGroup = 3ABD950B2987CB9B0058DB5A /* Products */;
			projectDirPath = "";
			projectRoot = "";
			targets = (
				3ABD95092987CB9B0058DB5A /* Notes */,
			);
		};
/* End PBXProject section */

/* Begin PBXResourcesBuildPhase section */
		3ABD95082987CB9B0058DB5A /* Resources */ = {
			isa = PBXResourcesBuildPhase;
			buildActionMask = 2147483647;
			files = (
				3ABD951D2987CB9C0058DB5A /* LaunchScreen.storyboard in Resources */,
				3ABD951A2987CB9C0058DB5A /* Assets.xcassets in Resources */,
				3ABD95272987CC540058DB5A /* StartViewController.xib in Resources */,
				3A742259298E84E500025D9B /* NoteViewController.xib in Resources */,
				3ABD95312987D3D30058DB5A /* MainViewController.xib in Resources */,
				3A74225E298E91CA00025D9B /* NotesTableViewCell.xib in Resources */,
			);
			runOnlyForDeploymentPostprocessing = 0;
		};
/* End PBXResourcesBuildPhase section */

/* Begin PBXSourcesBuildPhase section */
		3ABD95062987CB9B0058DB5A /* Sources */ = {
			isa = PBXSourcesBuildPhase;
			buildActionMask = 2147483647;
			files = (
				3ABD950E2987CB9B0058DB5A /* AppDelegate.swift in Sources */,
				3A742262298E9C4300025D9B /* NotesManager.swift in Sources */,
				3ABD95262987CC540058DB5A /* StartViewController.swift in Sources */,
				3ABD95332987D7770058DB5A /* BaseNavigationController.swift in Sources */,
				3A742258298E84E500025D9B /* NoteViewController.swift in Sources */,
				3A742260298E97F900025D9B /* NotesModel.swift in Sources */,
				3A74225D298E91CA00025D9B /* NotesTableViewCell.swift in Sources */,
				3ABD95302987D3D30058DB5A /* MainViewController.swift in Sources */,
				3A74228B298ED39200025D9B /* Support.swift in Sources */,
			);
			runOnlyForDeploymentPostprocessing = 0;
		};
/* End PBXSourcesBuildPhase section */

/* Begin PBXVariantGroup section */
		3ABD951B2987CB9C0058DB5A /* LaunchScreen.storyboard */ = {
			isa = PBXVariantGroup;
			children = (
				3ABD951C2987CB9C0058DB5A /* Base */,
			);
			name = LaunchScreen.storyboard;
			sourceTree = "<group>";
		};
/* End PBXVariantGroup section */

/* Begin XCBuildConfiguration section */
		3ABD951F2987CB9C0058DB5A /* Debug */ = {
			isa = XCBuildConfiguration;
			buildSettings = {
				ALWAYS_SEARCH_USER_PATHS = NO;
				CLANG_ANALYZER_NONNULL = YES;
				CLANG_ANALYZER_NUMBER_OBJECT_CONVERSION = YES_AGGRESSIVE;
				CLANG_CXX_LANGUAGE_STANDARD = "gnu++20";
				CLANG_ENABLE_MODULES = YES;
				CLANG_ENABLE_OBJC_ARC = YES;
				CLANG_ENABLE_OBJC_WEAK = YES;
				CLANG_WARN_BLOCK_CAPTURE_AUTORELEASING = YES;
				CLANG_WARN_BOOL_CONVERSION = YES;
				CLANG_WARN_COMMA = YES;
				CLANG_WARN_CONSTANT_CONVERSION = YES;
				CLANG_WARN_DEPRECATED_OBJC_IMPLEMENTATIONS = YES;
				CLANG_WARN_DIRECT_OBJC_ISA_USAGE = YES_ERROR;
				CLANG_WARN_DOCUMENTATION_COMMENTS = YES;
				CLANG_WARN_EMPTY_BODY = YES;
				CLANG_WARN_ENUM_CONVERSION = YES;
				CLANG_WARN_INFINITE_RECURSION = YES;
				CLANG_WARN_INT_CONVERSION = YES;
				CLANG_WARN_NON_LITERAL_NULL_CONVERSION = YES;
				CLANG_WARN_OBJC_IMPLICIT_RETAIN_SELF = YES;
				CLANG_WARN_OBJC_LITERAL_CONVERSION = YES;
				CLANG_WARN_OBJC_ROOT_CLASS = YES_ERROR;
				CLANG_WARN_QUOTED_INCLUDE_IN_FRAMEWORK_HEADER = YES;
				CLANG_WARN_RANGE_LOOP_ANALYSIS = YES;
				CLANG_WARN_STRICT_PROTOTYPES = YES;
				CLANG_WARN_SUSPICIOUS_MOVE = YES;
				CLANG_WARN_UNGUARDED_AVAILABILITY = YES_AGGRESSIVE;
				CLANG_WARN_UNREACHABLE_CODE = YES;
				CLANG_WARN__DUPLICATE_METHOD_MATCH = YES;
				COPY_PHASE_STRIP = NO;
				DEBUG_INFORMATION_FORMAT = dwarf;
				ENABLE_STRICT_OBJC_MSGSEND = YES;
				ENABLE_TESTABILITY = YES;
				GCC_C_LANGUAGE_STANDARD = gnu11;
				GCC_DYNAMIC_NO_PIC = NO;
				GCC_NO_COMMON_BLOCKS = YES;
				GCC_OPTIMIZATION_LEVEL = 0;
				GCC_PREPROCESSOR_DEFINITIONS = (
					"DEBUG=1",
					"$(inherited)",
				);
				GCC_WARN_64_TO_32_BIT_CONVERSION = YES;
				GCC_WARN_ABOUT_RETURN_TYPE = YES_ERROR;
				GCC_WARN_UNDECLARED_SELECTOR = YES;
				GCC_WARN_UNINITIALIZED_AUTOS = YES_AGGRESSIVE;
				GCC_WARN_UNUSED_FUNCTION = YES;
				GCC_WARN_UNUSED_VARIABLE = YES;
				IPHONEOS_DEPLOYMENT_TARGET = 16.2;
				MTL_ENABLE_DEBUG_INFO = INCLUDE_SOURCE;
				MTL_FAST_MATH = YES;
				ONLY_ACTIVE_ARCH = YES;
				SDKROOT = iphoneos;
				SWIFT_ACTIVE_COMPILATION_CONDITIONS = DEBUG;
				SWIFT_OPTIMIZATION_LEVEL = "-Onone";
			};
			name = Debug;
		};
		3ABD95202987CB9C0058DB5A /* Release */ = {
			isa = XCBuildConfiguration;
			buildSettings = {
				ALWAYS_SEARCH_USER_PATHS = NO;
				CLANG_ANALYZER_NONNULL = YES;
				CLANG_ANALYZER_NUMBER_OBJECT_CONVERSION = YES_AGGRESSIVE;
				CLANG_CXX_LANGUAGE_STANDARD = "gnu++20";
				CLANG_ENABLE_MODULES = YES;
				CLANG_ENABLE_OBJC_ARC = YES;
				CLANG_ENABLE_OBJC_WEAK = YES;
				CLANG_WARN_BLOCK_CAPTURE_AUTORELEASING = YES;
				CLANG_WARN_BOOL_CONVERSION = YES;
				CLANG_WARN_COMMA = YES;
				CLANG_WARN_CONSTANT_CONVERSION = YES;
				CLANG_WARN_DEPRECATED_OBJC_IMPLEMENTATIONS = YES;
				CLANG_WARN_DIRECT_OBJC_ISA_USAGE = YES_ERROR;
				CLANG_WARN_DOCUMENTATION_COMMENTS = YES;
				CLANG_WARN_EMPTY_BODY = YES;
				CLANG_WARN_ENUM_CONVERSION = YES;
				CLANG_WARN_INFINITE_RECURSION = YES;
				CLANG_WARN_INT_CONVERSION = YES;
				CLANG_WARN_NON_LITERAL_NULL_CONVERSION = YES;
				CLANG_WARN_OBJC_IMPLICIT_RETAIN_SELF = YES;
				CLANG_WARN_OBJC_LITERAL_CONVERSION = YES;
				CLANG_WARN_OBJC_ROOT_CLASS = YES_ERROR;
				CLANG_WARN_QUOTED_INCLUDE_IN_FRAMEWORK_HEADER = YES;
				CLANG_WARN_RANGE_LOOP_ANALYSIS = YES;
				CLANG_WARN_STRICT_PROTOTYPES = YES;
				CLANG_WARN_SUSPICIOUS_MOVE = YES;
				CLANG_WARN_UNGUARDED_AVAILABILITY = YES_AGGRESSIVE;
				CLANG_WARN_UNREACHABLE_CODE = YES;
				CLANG_WARN__DUPLICATE_METHOD_MATCH = YES;
				COPY_PHASE_STRIP = NO;
				DEBUG_INFORMATION_FORMAT = "dwarf-with-dsym";
				ENABLE_NS_ASSERTIONS = NO;
				ENABLE_STRICT_OBJC_MSGSEND = YES;
				GCC_C_LANGUAGE_STANDARD = gnu11;
				GCC_NO_COMMON_BLOCKS = YES;
				GCC_WARN_64_TO_32_BIT_CONVERSION = YES;
				GCC_WARN_ABOUT_RETURN_TYPE = YES_ERROR;
				GCC_WARN_UNDECLARED_SELECTOR = YES;
				GCC_WARN_UNINITIALIZED_AUTOS = YES_AGGRESSIVE;
				GCC_WARN_UNUSED_FUNCTION = YES;
				GCC_WARN_UNUSED_VARIABLE = YES;
				IPHONEOS_DEPLOYMENT_TARGET = 16.2;
				MTL_ENABLE_DEBUG_INFO = NO;
				MTL_FAST_MATH = YES;
				SDKROOT = iphoneos;
				SWIFT_COMPILATION_MODE = wholemodule;
				SWIFT_OPTIMIZATION_LEVEL = "-O";
				VALIDATE_PRODUCT = YES;
			};
			name = Release;
		};
		3ABD95222987CB9C0058DB5A /* Debug */ = {
			isa = XCBuildConfiguration;
			buildSettings = {
				ASSETCATALOG_COMPILER_APPICON_NAME = AppIcon;
				ASSETCATALOG_COMPILER_GLOBAL_ACCENT_COLOR_NAME = AccentColor;
				CODE_SIGN_IDENTITY = "Apple Development";
				CODE_SIGN_STYLE = Automatic;
				CURRENT_PROJECT_VERSION = 1;
				DEVELOPMENT_TEAM = U75P3RD7MK;
				GENERATE_INFOPLIST_FILE = YES;
				INFOPLIST_FILE = Notes/Info.plist;
				INFOPLIST_KEY_UIApplicationSupportsIndirectInputEvents = YES;
				INFOPLIST_KEY_UILaunchStoryboardName = LaunchScreen;
				INFOPLIST_KEY_UIMainStoryboardFile = "";
				INFOPLIST_KEY_UIRequiresFullScreen = YES;
				INFOPLIST_KEY_UISupportedInterfaceOrientations = UIInterfaceOrientationPortrait;
				IPHONEOS_DEPLOYMENT_TARGET = 16.0;
				LD_RUNPATH_SEARCH_PATHS = (
					"$(inherited)",
					"@executable_path/Frameworks",
				);
				MARKETING_VERSION = 1.0;
				PRODUCT_BUNDLE_IDENTIFIER = com.aver;
				PRODUCT_NAME = "$(TARGET_NAME)";
				PROVISIONING_PROFILE_SPECIFIER = "";
				SWIFT_EMIT_LOC_STRINGS = YES;
				SWIFT_VERSION = 5.0;
				TARGETED_DEVICE_FAMILY = "1,2";
			};
			name = Debug;
		};
		3ABD95232987CB9C0058DB5A /* Release */ = {
			isa = XCBuildConfiguration;
			buildSettings = {
				ASSETCATALOG_COMPILER_APPICON_NAME = AppIcon;
				ASSETCATALOG_COMPILER_GLOBAL_ACCENT_COLOR_NAME = AccentColor;
				CODE_SIGN_IDENTITY = "Apple Development";
				CODE_SIGN_STYLE = Automatic;
				CURRENT_PROJECT_VERSION = 1;
				DEVELOPMENT_TEAM = U75P3RD7MK;
				GENERATE_INFOPLIST_FILE = YES;
				INFOPLIST_FILE = Notes/Info.plist;
				INFOPLIST_KEY_UIApplicationSupportsIndirectInputEvents = YES;
				INFOPLIST_KEY_UILaunchStoryboardName = LaunchScreen;
				INFOPLIST_KEY_UIMainStoryboardFile = "";
				INFOPLIST_KEY_UIRequiresFullScreen = YES;
				INFOPLIST_KEY_UISupportedInterfaceOrientations = UIInterfaceOrientationPortrait;
				IPHONEOS_DEPLOYMENT_TARGET = 16.0;
				LD_RUNPATH_SEARCH_PATHS = (
					"$(inherited)",
					"@executable_path/Frameworks",
				);
				MARKETING_VERSION = 1.0;
				PRODUCT_BUNDLE_IDENTIFIER = com.aver;
				PRODUCT_NAME = "$(TARGET_NAME)";
				PROVISIONING_PROFILE_SPECIFIER = "";
				SWIFT_EMIT_LOC_STRINGS = YES;
				SWIFT_VERSION = 5.0;
				TARGETED_DEVICE_FAMILY = "1,2";
			};
			name = Release;
		};
/* End XCBuildConfiguration section */

/* Begin XCConfigurationList section */
		3ABD95052987CB9B0058DB5A /* Build configuration list for PBXProject "Notes" */ = {
			isa = XCConfigurationList;
			buildConfigurations = (
				3ABD951F2987CB9C0058DB5A /* Debug */,
				3ABD95202987CB9C0058DB5A /* Release */,
			);
			defaultConfigurationIsVisible = 0;
			defaultConfigurationName = Release;
		};
		3ABD95212987CB9C0058DB5A /* Build configuration list for PBXNativeTarget "Notes" */ = {
			isa = XCConfigurationList;
			buildConfigurations = (
				3ABD95222987CB9C0058DB5A /* Debug */,
				3ABD95232987CB9C0058DB5A /* Release */,
			);
			defaultConfigurationIsVisible = 0;
			defaultConfigurationName = Release;
		};
/* End XCConfigurationList section */

/* Begin XCRemoteSwiftPackageReference section */
		3A742283298ECCD800025D9B /* XCRemoteSwiftPackageReference "realm-swift" */ = {
			isa = XCRemoteSwiftPackageReference;
			repositoryURL = "https://github.com/realm/realm-swift.git";
			requirement = {
				branch = master;
				kind = branch;
			};
		};
/* End XCRemoteSwiftPackageReference section */

/* Begin XCSwiftPackageProductDependency section */
		3A742284298ECCD800025D9B /* Realm */ = {
			isa = XCSwiftPackageProductDependency;
			package = 3A742283298ECCD800025D9B /* XCRemoteSwiftPackageReference "realm-swift" */;
			productName = Realm;
		};
		3A742286298ECCD800025D9B /* RealmSwift */ = {
			isa = XCSwiftPackageProductDependency;
			package = 3A742283298ECCD800025D9B /* XCRemoteSwiftPackageReference "realm-swift" */;
			productName = RealmSwift;
		};
/* End XCSwiftPackageProductDependency section */
	};
	rootObject = 3ABD95022987CB9B0058DB5A /* Project object */;
}
